
Microsoft Visual Studio Solution File, Format Version 12.00
# Visual Studio 15
VisualStudioVersion = 15.0.26430.16
MinimumVisualStudioVersion = 10.0.40219.1
Project("{8BC9CEB8-8B4A-11D0-8D11-00A0C91BC942}") = "moviex", "moviex\moviex.vcxproj", "{DF8AFFCC-4864-425B-990A-E4E886AADCF8}"
EndProject
Project("{8BC9CEB8-8B4A-11D0-8D11-00A0C91BC942}") = "build_db", "build_db\build_db.vcxproj", "{54887F63-9168-4AC1-A1D4-7C9D540FE76B}"
EndProject
Global
	GlobalSection(SolutionConfigurationPlatforms) = preSolution
		Debug|x64 = Debug|x64
		Debug|x86 = Debug|x86
		Release|x64 = Release|x64
		Release|x86 = Release|x86
	EndGlobalSection
	GlobalSection(ProjectConfigurationPlatforms) = postSolution
		{DF8AFFCC-4864-425B-990A-E4E886AADCF8}.Debug|x64.ActiveCfg = Debug|x64
		{DF8AFFCC-4864-425B-990A-E4E886AADCF8}.Debug|x64.Build.0 = Debug|x64
		{DF8AFFCC-4864-425B-990A-E4E886AADCF8}.Debug|x86.ActiveCfg = Debug|Win32
		{DF8AFFCC-4864-425B-990A-E4E886AADCF8}.Debug|x86.Build.0 = Debug|Win32
		{DF8AFFCC-4864-425B-990A-E4E886AADCF8}.Release|x64.ActiveCfg = Release|x64
		{DF8AFFCC-4864-425B-990A-E4E886AADCF8}.Release|x64.Build.0 = Release|x64
		{DF8AFFCC-4864-425B-990A-E4E886AADCF8}.Release|x86.ActiveCfg = Release|Win32
		{DF8AFFCC-4864-425B-990A-E4E886AADCF8}.Release|x86.Build.0 = Release|Win32
		{54887F63-9168-4AC1-A1D4-7C9D540FE76B}.Debug|x64.ActiveCfg = Debug|x64
		{54887F63-9168-4AC1-A1D4-7C9D540FE76B}.Debug|x64.Build.0 = Debug|x64
		{54887F63-9168-4AC1-A1D4-7C9D540FE76B}.Debug|x86.ActiveCfg = Debug|Win32
		{54887F63-9168-4AC1-A1D4-7C9D540FE76B}.Debug|x86.Build.0 = Debug|Win32
		{54887F63-9168-4AC1-A1D4-7C9D540FE76B}.Release|x64.ActiveCfg = Release|x64
		{54887F63-9168-4AC1-A1D4-7C9D540FE76B}.Release|x64.Build.0 = Release|x64
		{54887F63-9168-4AC1-A1D4-7C9D540FE76B}.Release|x86.ActiveCfg = Release|Win32
		{54887F63-9168-4AC1-A1D4-7C9D540FE76B}.Release|x86.Build.0 = Release|Win32
	EndGlobalSection
	GlobalSection(SolutionProperties) = preSolution
		HideSolutionNode = FALSE
	EndGlobalSection
EndGlobal
